
Microsoft Visual Studio Solution File, Format Version 12.00
# Visual Studio 15
VisualStudioVersion = 15.0.26124.0
MinimumVisualStudioVersion = 15.0.26124.0
Project("{FAE04EC0-301F-11D3-BF4B-00C04F79EFBC}") = "Basique.Tests", "Basique.Tests\Basique.Tests.csproj", "{A597602B-B389-424F-B62C-F8F77098570D}"
EndProject
Project("{FAE04EC0-301F-11D3-BF4B-00C04F79EFBC}") = "Basique", "Basique\Basique.csproj", "{C791D7A1-4697-467B-924E-3C6FBC560843}"
EndProject
Project("{2150E333-8FDC-42A3-9474-1A3956D46DE8}") = "perfusion", "perfusion", "{1BB6A993-3B37-48FA-9F4B-E9192D569562}"
EndProject
Project("{FAE04EC0-301F-11D3-BF4B-00C04F79EFBC}") = "Perfusion", "perfusion\Perfusion\Perfusion.csproj", "{E3A4A26C-1B69-4CD7-A572-4755F7B3C784}"
EndProject
Global
	GlobalSection(SolutionConfigurationPlatforms) = preSolution
		Debug|Any CPU = Debug|Any CPU
		Debug|x64 = Debug|x64
		Debug|x86 = Debug|x86
		Release|Any CPU = Release|Any CPU
		Release|x64 = Release|x64
		Release|x86 = Release|x86
	EndGlobalSection
	GlobalSection(SolutionProperties) = preSolution
		HideSolutionNode = FALSE
	EndGlobalSection
	GlobalSection(ProjectConfigurationPlatforms) = postSolution
		{A597602B-B389-424F-B62C-F8F77098570D}.Debug|Any CPU.ActiveCfg = Debug|Any CPU
		{A597602B-B389-424F-B62C-F8F77098570D}.Debug|Any CPU.Build.0 = Debug|Any CPU
		{A597602B-B389-424F-B62C-F8F77098570D}.Debug|x64.ActiveCfg = Debug|Any CPU
		{A597602B-B389-424F-B62C-F8F77098570D}.Debug|x64.Build.0 = Debug|Any CPU
		{A597602B-B389-424F-B62C-F8F77098570D}.Debug|x86.ActiveCfg = Debug|Any CPU
		{A597602B-B389-424F-B62C-F8F77098570D}.Debug|x86.Build.0 = Debug|Any CPU
		{A597602B-B389-424F-B62C-F8F77098570D}.Release|Any CPU.ActiveCfg = Release|Any CPU
		{A597602B-B389-424F-B62C-F8F77098570D}.Release|Any CPU.Build.0 = Release|Any CPU
		{A597602B-B389-424F-B62C-F8F77098570D}.Release|x64.ActiveCfg = Release|Any CPU
		{A597602B-B389-424F-B62C-F8F77098570D}.Release|x64.Build.0 = Release|Any CPU
		{A597602B-B389-424F-B62C-F8F77098570D}.Release|x86.ActiveCfg = Release|Any CPU
		{A597602B-B389-424F-B62C-F8F77098570D}.Release|x86.Build.0 = Release|Any CPU
		{C791D7A1-4697-467B-924E-3C6FBC560843}.Debug|Any CPU.ActiveCfg = Debug|Any CPU
		{C791D7A1-4697-467B-924E-3C6FBC560843}.Debug|Any CPU.Build.0 = Debug|Any CPU
		{C791D7A1-4697-467B-924E-3C6FBC560843}.Debug|x64.ActiveCfg = Debug|Any CPU
		{C791D7A1-4697-467B-924E-3C6FBC560843}.Debug|x64.Build.0 = Debug|Any CPU
		{C791D7A1-4697-467B-924E-3C6FBC560843}.Debug|x86.ActiveCfg = Debug|Any CPU
		{C791D7A1-4697-467B-924E-3C6FBC560843}.Debug|x86.Build.0 = Debug|Any CPU
		{C791D7A1-4697-467B-924E-3C6FBC560843}.Release|Any CPU.ActiveCfg = Release|Any CPU
		{C791D7A1-4697-467B-924E-3C6FBC560843}.Release|Any CPU.Build.0 = Release|Any CPU
		{C791D7A1-4697-467B-924E-3C6FBC560843}.Release|x64.ActiveCfg = Release|Any CPU
		{C791D7A1-4697-467B-924E-3C6FBC560843}.Release|x64.Build.0 = Release|Any CPU
		{C791D7A1-4697-467B-924E-3C6FBC560843}.Release|x86.ActiveCfg = Release|Any CPU
		{C791D7A1-4697-467B-924E-3C6FBC560843}.Release|x86.Build.0 = Release|Any CPU
		{E3A4A26C-1B69-4CD7-A572-4755F7B3C784}.Debug|Any CPU.ActiveCfg = Debug|Any CPU
		{E3A4A26C-1B69-4CD7-A572-4755F7B3C784}.Debug|Any CPU.Build.0 = Debug|Any CPU
		{E3A4A26C-1B69-4CD7-A572-4755F7B3C784}.Debug|x64.ActiveCfg = Debug|Any CPU
		{E3A4A26C-1B69-4CD7-A572-4755F7B3C784}.Debug|x64.Build.0 = Debug|Any CPU
		{E3A4A26C-1B69-4CD7-A572-4755F7B3C784}.Debug|x86.ActiveCfg = Debug|Any CPU
		{E3A4A26C-1B69-4CD7-A572-4755F7B3C784}.Debug|x86.Build.0 = Debug|Any CPU
		{E3A4A26C-1B69-4CD7-A572-4755F7B3C784}.Release|Any CPU.ActiveCfg = Release|Any CPU
		{E3A4A26C-1B69-4CD7-A572-4755F7B3C784}.Release|Any CPU.Build.0 = Release|Any CPU
		{E3A4A26C-1B69-4CD7-A572-4755F7B3C784}.Release|x64.ActiveCfg = Release|Any CPU
		{E3A4A26C-1B69-4CD7-A572-4755F7B3C784}.Release|x64.Build.0 = Release|Any CPU
		{E3A4A26C-1B69-4CD7-A572-4755F7B3C784}.Release|x86.ActiveCfg = Release|Any CPU
		{E3A4A26C-1B69-4CD7-A572-4755F7B3C784}.Release|x86.Build.0 = Release|Any CPU
	EndGlobalSection
	GlobalSection(NestedProjects) = preSolution
		{E3A4A26C-1B69-4CD7-A572-4755F7B3C784} = {1BB6A993-3B37-48FA-9F4B-E9192D569562}
	EndGlobalSection
EndGlobal
